
Microsoft Visual Studio Solution File, Format Version 12.00
# Visual Studio 14
VisualStudioVersion = 14.0.24720.0
MinimumVisualStudioVersion = 10.0.40219.1
Project("{FAE04EC0-301F-11D3-BF4B-00C04F79EFBC}") = "DebugDemo.Tests", "DebugDemo.Tests\DebugDemo.Tests.csproj", "{04513DFC-628C-4A45-B613-4BE3DACA724D}"
EndProject
Project("{FAE04EC0-301F-11D3-BF4B-00C04F79EFBC}") = "DebugDemo.Library", "DebugDemo.Library\DebugDemo.Library.csproj", "{D5B98298-B9B6-4C58-B853-66B6A879FE82}"
EndProject
Global
	GlobalSection(SolutionConfigurationPlatforms) = preSolution
		Debug|Any CPU = Debug|Any CPU
		Release|Any CPU = Release|Any CPU
	EndGlobalSection
	GlobalSection(ProjectConfigurationPlatforms) = postSolution
		{04513DFC-628C-4A45-B613-4BE3DACA724D}.Debug|Any CPU.ActiveCfg = Debug|Any CPU
		{04513DFC-628C-4A45-B613-4BE3DACA724D}.Debug|Any CPU.Build.0 = Debug|Any CPU
		{04513DFC-628C-4A45-B613-4BE3DACA724D}.Release|Any CPU.ActiveCfg = Release|Any CPU
		{04513DFC-628C-4A45-B613-4BE3DACA724D}.Release|Any CPU.Build.0 = Release|Any CPU
		{D5B98298-B9B6-4C58-B853-66B6A879FE82}.Debug|Any CPU.ActiveCfg = Debug|Any CPU
		{D5B98298-B9B6-4C58-B853-66B6A879FE82}.Debug|Any CPU.Build.0 = Debug|Any CPU
		{D5B98298-B9B6-4C58-B853-66B6A879FE82}.Release|Any CPU.ActiveCfg = Release|Any CPU
		{D5B98298-B9B6-4C58-B853-66B6A879FE82}.Release|Any CPU.Build.0 = Release|Any CPU
	EndGlobalSection
	GlobalSection(SolutionProperties) = preSolution
		HideSolutionNode = FALSE
	EndGlobalSection
EndGlobal
